
Microsoft Visual Studio Solution File, Format Version 12.00
# Visual Studio Version 17
VisualStudioVersion = 17.11.35312.102
MinimumVisualStudioVersion = 10.0.40219.1
Project("{9A19103F-16F7-4668-BE54-9A1E7A4F7556}") = "Otello.WebApi", "Otello.WebApi.csproj", "{CA723272-3281-4C43-9912-84CC4794B40C}"
EndProject
Global
	GlobalSection(SolutionConfigurationPlatforms) = preSolution
		Debug|Any CPU = Debug|Any CPU
		Release|Any CPU = Release|Any CPU
	EndGlobalSection
	GlobalSection(ProjectConfigurationPlatforms) = postSolution
		{CA723272-3281-4C43-9912-84CC4794B40C}.Debug|Any CPU.ActiveCfg = Debug|Any CPU
		{CA723272-3281-4C43-9912-84CC4794B40C}.Debug|Any CPU.Build.0 = Debug|Any CPU
		{CA723272-3281-4C43-9912-84CC4794B40C}.Release|Any CPU.ActiveCfg = Release|Any CPU
		{CA723272-3281-4C43-9912-84CC4794B40C}.Release|Any CPU.Build.0 = Release|Any CPU
	EndGlobalSection
	GlobalSection(SolutionProperties) = preSolution
		HideSolutionNode = FALSE
	EndGlobalSection
	GlobalSection(ExtensibilityGlobals) = postSolution
		SolutionGuid = {182416BE-EC15-486F-BB98-54AAA16D2CF9}
	EndGlobalSection
EndGlobal
